// !$*UTF8*$!
{
	archiveVersion = 1;
	classes = {
	};
	objectVersion = 46;
	objects = {

/* Begin PBXBuildFile section */
		8BBE3E6A1A3B319300160107 /* FacebookSDK.framework in Frameworks */ = {isa = PBXBuildFile; fileRef = 8BBE3E691A3B319300160107 /* FacebookSDK.framework */; };
		8BBE3E6C1A3B3C5100160107 /* MapViewController.swift in Sources */ = {isa = PBXBuildFile; fileRef = 8BBE3E6B1A3B3C5100160107 /* MapViewController.swift */; };
		8BBE3E6E1A3B3DB500160107 /* MapKit.framework in Frameworks */ = {isa = PBXBuildFile; fileRef = 8BBE3E6D1A3B3DB500160107 /* MapKit.framework */; };
		8BBE3E721A3B4EB100160107 /* FeedItem.swift in Sources */ = {isa = PBXBuildFile; fileRef = 8BBE3E711A3B4EB100160107 /* FeedItem.swift */; };
		EE4ADDF61A3A41AA00D2A850 /* ProfileViewController.swift in Sources */ = {isa = PBXBuildFile; fileRef = EE4ADDF51A3A41AA00D2A850 /* ProfileViewController.swift */; };
		EEC3FEE21A38C17900880A7C /* AppDelegate.swift in Sources */ = {isa = PBXBuildFile; fileRef = EEC3FEE11A38C17900880A7C /* AppDelegate.swift */; };
		EEC3FEE51A38C17900880A7C /* ExchangeAGram.xcdatamodeld in Sources */ = {isa = PBXBuildFile; fileRef = EEC3FEE31A38C17900880A7C /* ExchangeAGram.xcdatamodeld */; };
		EEC3FEEA1A38C17900880A7C /* Main.storyboard in Resources */ = {isa = PBXBuildFile; fileRef = EEC3FEE81A38C17900880A7C /* Main.storyboard */; };
		EEC3FEEC1A38C17900880A7C /* Images.xcassets in Resources */ = {isa = PBXBuildFile; fileRef = EEC3FEEB1A38C17900880A7C /* Images.xcassets */; };
		EEC3FEEF1A38C17900880A7C /* LaunchScreen.xib in Resources */ = {isa = PBXBuildFile; fileRef = EEC3FEED1A38C17900880A7C /* LaunchScreen.xib */; };
		EEC3FEFB1A38C17A00880A7C /* ExchangeAGramTests.swift in Sources */ = {isa = PBXBuildFile; fileRef = EEC3FEFA1A38C17A00880A7C /* ExchangeAGramTests.swift */; };
		EEF418941A38D55300430F52 /* FeedViewController.swift in Sources */ = {isa = PBXBuildFile; fileRef = EEF418931A38D55300430F52 /* FeedViewController.swift */; };
		EEF418961A38D72F00430F52 /* FeedCell.swift in Sources */ = {isa = PBXBuildFile; fileRef = EEF418951A38D72F00430F52 /* FeedCell.swift */; };
		EEF418981A38DA5700430F52 /* MobileCoreServices.framework in Frameworks */ = {isa = PBXBuildFile; fileRef = EEF418971A38DA5700430F52 /* MobileCoreServices.framework */; };
		EEF4189C1A38EBC900430F52 /* FilterViewController.swift in Sources */ = {isa = PBXBuildFile; fileRef = EEF4189B1A38EBC900430F52 /* FilterViewController.swift */; };
		EEF4189E1A38F30E00430F52 /* FilterCell.swift in Sources */ = {isa = PBXBuildFile; fileRef = EEF4189D1A38F30E00430F52 /* FilterCell.swift */; };
/* End PBXBuildFile section */

/* Begin PBXContainerItemProxy section */
		EEC3FEF51A38C17A00880A7C /* PBXContainerItemProxy */ = {
			isa = PBXContainerItemProxy;
			containerPortal = EEC3FED41A38C17900880A7C /* Project object */;
			proxyType = 1;
			remoteGlobalIDString = EEC3FEDB1A38C17900880A7C;
			remoteInfo = ExchangeAGram;
		};
/* End PBXContainerItemProxy section */

/* Begin PBXFileReference section */
		8BBE3E691A3B319300160107 /* FacebookSDK.framework */ = {isa = PBXFileReference; lastKnownFileType = wrapper.framework; name = FacebookSDK.framework; path = ../../../Documents/FacebookSDK/FacebookSDK.framework; sourceTree = "<group>"; };
		8BBE3E6B1A3B3C5100160107 /* MapViewController.swift */ = {isa = PBXFileReference; fileEncoding = 4; lastKnownFileType = sourcecode.swift; name = MapViewController.swift; path = ../../MapViewController.swift; sourceTree = "<group>"; };
		8BBE3E6D1A3B3DB500160107 /* MapKit.framework */ = {isa = PBXFileReference; lastKnownFileType = wrapper.framework; name = MapKit.framework; path = System/Library/Frameworks/MapKit.framework; sourceTree = SDKROOT; };
		8BBE3E711A3B4EB100160107 /* FeedItem.swift */ = {isa = PBXFileReference; fileEncoding = 4; lastKnownFileType = sourcecode.swift; name = FeedItem.swift; path = ../FeedItem.swift; sourceTree = "<group>"; };
		EE4ADDF51A3A41AA00D2A850 /* ProfileViewController.swift */ = {isa = PBXFileReference; fileEncoding = 4; lastKnownFileType = sourcecode.swift; path = ProfileViewController.swift; sourceTree = "<group>"; };
		EE4ADDF91A3A489200D2A850 /* Bridging-Header.h */ = {isa = PBXFileReference; lastKnownFileType = sourcecode.c.h; path = "Bridging-Header.h"; sourceTree = "<group>"; };
		EEC3FEDC1A38C17900880A7C /* ExchangeAGram.app */ = {isa = PBXFileReference; explicitFileType = wrapper.application; includeInIndex = 0; path = ExchangeAGram.app; sourceTree = BUILT_PRODUCTS_DIR; };
		EEC3FEE01A38C17900880A7C /* Info.plist */ = {isa = PBXFileReference; lastKnownFileType = text.plist.xml; path = Info.plist; sourceTree = "<group>"; };
		EEC3FEE11A38C17900880A7C /* AppDelegate.swift */ = {isa = PBXFileReference; lastKnownFileType = sourcecode.swift; path = AppDelegate.swift; sourceTree = "<group>"; };
		EEC3FEE41A38C17900880A7C /* ExchangeAGram.xcdatamodel */ = {isa = PBXFileReference; lastKnownFileType = wrapper.xcdatamodel; path = ExchangeAGram.xcdatamodel; sourceTree = "<group>"; };
		EEC3FEE91A38C17900880A7C /* Base */ = {isa = PBXFileReference; lastKnownFileType = file.storyboard; name = Base; path = Base.lproj/Main.storyboard; sourceTree = "<group>"; };
		EEC3FEEB1A38C17900880A7C /* Images.xcassets */ = {isa = PBXFileReference; lastKnownFileType = folder.assetcatalog; path = Images.xcassets; sourceTree = "<group>"; };
		EEC3FEEE1A38C17900880A7C /* Base */ = {isa = PBXFileReference; lastKnownFileType = file.xib; name = Base; path = Base.lproj/LaunchScreen.xib; sourceTree = "<group>"; };
		EEC3FEF41A38C17A00880A7C /* ExchangeAGramTests.xctest */ = {isa = PBXFileReference; explicitFileType = wrapper.cfbundle; includeInIndex = 0; path = ExchangeAGramTests.xctest; sourceTree = BUILT_PRODUCTS_DIR; };
		EEC3FEF91A38C17A00880A7C /* Info.plist */ = {isa = PBXFileReference; lastKnownFileType = text.plist.xml; path = Info.plist; sourceTree = "<group>"; };
		EEC3FEFA1A38C17A00880A7C /* ExchangeAGramTests.swift */ = {isa = PBXFileReference; lastKnownFileType = sourcecode.swift; path = ExchangeAGramTests.swift; sourceTree = "<group>"; };
		EEF418931A38D55300430F52 /* FeedViewController.swift */ = {isa = PBXFileReference; fileEncoding = 4; lastKnownFileType = sourcecode.swift; path = FeedViewController.swift; sourceTree = "<group>"; };
		EEF418951A38D72F00430F52 /* FeedCell.swift */ = {isa = PBXFileReference; fileEncoding = 4; lastKnownFileType = sourcecode.swift; path = FeedCell.swift; sourceTree = "<group>"; };
		EEF418971A38DA5700430F52 /* MobileCoreServices.framework */ = {isa = PBXFileReference; lastKnownFileType = wrapper.framework; name = MobileCoreServices.framework; path = System/Library/Frameworks/MobileCoreServices.framework; sourceTree = SDKROOT; };
		EEF4189B1A38EBC900430F52 /* FilterViewController.swift */ = {isa = PBXFileReference; fileEncoding = 4; lastKnownFileType = sourcecode.swift; path = FilterViewController.swift; sourceTree = "<group>"; };
		EEF4189D1A38F30E00430F52 /* FilterCell.swift */ = {isa = PBXFileReference; fileEncoding = 4; lastKnownFileType = sourcecode.swift; path = FilterCell.swift; sourceTree = "<group>"; };
/* End PBXFileReference section */

/* Begin PBXFrameworksBuildPhase section */
		EEC3FED91A38C17900880A7C /* Frameworks */ = {
			isa = PBXFrameworksBuildPhase;
			buildActionMask = 2147483647;
			files = (
				8BBE3E6E1A3B3DB500160107 /* MapKit.framework in Frameworks */,
				EEF418981A38DA5700430F52 /* MobileCoreServices.framework in Frameworks */,
				8BBE3E6A1A3B319300160107 /* FacebookSDK.framework in Frameworks */,
			);
			runOnlyForDeploymentPostprocessing = 0;
		};
		EEC3FEF11A38C17A00880A7C /* Frameworks */ = {
			isa = PBXFrameworksBuildPhase;
			buildActionMask = 2147483647;
			files = (
			);
			runOnlyForDeploymentPostprocessing = 0;
		};
/* End PBXFrameworksBuildPhase section */

/* Begin PBXGroup section */
		EE4ADDF41A39FC6500D2A850 /* Model */ = {
			isa = PBXGroup;
			children = (
				8BBE3E711A3B4EB100160107 /* FeedItem.swift */,
				EEC3FEE31A38C17900880A7C /* ExchangeAGram.xcdatamodeld */,
			);
			name = Model;
			sourceTree = "<group>";
		};
		EEC3FED31A38C17900880A7C = {
			isa = PBXGroup;
			children = (
				EEC3FEDE1A38C17900880A7C /* ExchangeAGram */,
				EEC3FEF71A38C17A00880A7C /* ExchangeAGramTests */,
				EEC3FEDD1A38C17900880A7C /* Products */,
			);
			sourceTree = "<group>";
		};
		EEC3FEDD1A38C17900880A7C /* Products */ = {
			isa = PBXGroup;
			children = (
				EEC3FEDC1A38C17900880A7C /* ExchangeAGram.app */,
				EEC3FEF41A38C17A00880A7C /* ExchangeAGramTests.xctest */,
			);
			name = Products;
			sourceTree = "<group>";
		};
		EEC3FEDE1A38C17900880A7C /* ExchangeAGram */ = {
			isa = PBXGroup;
			children = (
				EEC3FEE11A38C17900880A7C /* AppDelegate.swift */,
				EEF418931A38D55300430F52 /* FeedViewController.swift */,
				EEF4189B1A38EBC900430F52 /* FilterViewController.swift */,
				EEF418951A38D72F00430F52 /* FeedCell.swift */,
				EEF4189D1A38F30E00430F52 /* FilterCell.swift */,
				EE4ADDF51A3A41AA00D2A850 /* ProfileViewController.swift */,
				EE4ADDF91A3A489200D2A850 /* Bridging-Header.h */,
				8BBE3E6B1A3B3C5100160107 /* MapViewController.swift */,
				EEC3FEE81A38C17900880A7C /* Main.storyboard */,
				EEC3FEEB1A38C17900880A7C /* Images.xcassets */,
				EEC3FEED1A38C17900880A7C /* LaunchScreen.xib */,
				EE4ADDF41A39FC6500D2A850 /* Model */,
				EEC3FEDF1A38C17900880A7C /* Supporting Files */,
			);
			path = ExchangeAGram;
			sourceTree = "<group>";
		};
		EEC3FEDF1A38C17900880A7C /* Supporting Files */ = {
			isa = PBXGroup;
			children = (
				8BBE3E6D1A3B3DB500160107 /* MapKit.framework */,
				8BBE3E691A3B319300160107 /* FacebookSDK.framework */,
				EEF418971A38DA5700430F52 /* MobileCoreServices.framework */,
				EEC3FEE01A38C17900880A7C /* Info.plist */,
			);
			name = "Supporting Files";
			sourceTree = "<group>";
		};
		EEC3FEF71A38C17A00880A7C /* ExchangeAGramTests */ = {
			isa = PBXGroup;
			children = (
				EEC3FEFA1A38C17A00880A7C /* ExchangeAGramTests.swift */,
				EEC3FEF81A38C17A00880A7C /* Supporting Files */,
			);
			path = ExchangeAGramTests;
			sourceTree = "<group>";
		};
		EEC3FEF81A38C17A00880A7C /* Supporting Files */ = {
			isa = PBXGroup;
			children = (
				EEC3FEF91A38C17A00880A7C /* Info.plist */,
			);
			name = "Supporting Files";
			sourceTree = "<group>";
		};
/* End PBXGroup section */

/* Begin PBXNativeTarget section */
		EEC3FEDB1A38C17900880A7C /* ExchangeAGram */ = {
			isa = PBXNativeTarget;
			buildConfigurationList = EEC3FEFE1A38C17A00880A7C /* Build configuration list for PBXNativeTarget "ExchangeAGram" */;
			buildPhases = (
				EEC3FED81A38C17900880A7C /* Sources */,
				EEC3FED91A38C17900880A7C /* Frameworks */,
				EEC3FEDA1A38C17900880A7C /* Resources */,
			);
			buildRules = (
			);
			dependencies = (
			);
			name = ExchangeAGram;
			productName = ExchangeAGram;
			productReference = EEC3FEDC1A38C17900880A7C /* ExchangeAGram.app */;
			productType = "com.apple.product-type.application";
		};
		EEC3FEF31A38C17A00880A7C /* ExchangeAGramTests */ = {
			isa = PBXNativeTarget;
			buildConfigurationList = EEC3FF011A38C17A00880A7C /* Build configuration list for PBXNativeTarget "ExchangeAGramTests" */;
			buildPhases = (
				EEC3FEF01A38C17A00880A7C /* Sources */,
				EEC3FEF11A38C17A00880A7C /* Frameworks */,
				EEC3FEF21A38C17A00880A7C /* Resources */,
			);
			buildRules = (
			);
			dependencies = (
				EEC3FEF61A38C17A00880A7C /* PBXTargetDependency */,
			);
			name = ExchangeAGramTests;
			productName = ExchangeAGramTests;
			productReference = EEC3FEF41A38C17A00880A7C /* ExchangeAGramTests.xctest */;
			productType = "com.apple.product-type.bundle.unit-test";
		};
/* End PBXNativeTarget section */

/* Begin PBXProject section */
		EEC3FED41A38C17900880A7C /* Project object */ = {
			isa = PBXProject;
			attributes = {
				LastUpgradeCheck = 0610;
				ORGANIZATIONNAME = "Chris Eady";
				TargetAttributes = {
					EEC3FEDB1A38C17900880A7C = {
						CreatedOnToolsVersion = 6.1.1;
					};
					EEC3FEF31A38C17A00880A7C = {
						CreatedOnToolsVersion = 6.1.1;
						TestTargetID = EEC3FEDB1A38C17900880A7C;
					};
				};
			};
			buildConfigurationList = EEC3FED71A38C17900880A7C /* Build configuration list for PBXProject "ExchangeAGram" */;
			compatibilityVersion = "Xcode 3.2";
			developmentRegion = English;
			hasScannedForEncodings = 0;
			knownRegions = (
				en,
				Base,
			);
			mainGroup = EEC3FED31A38C17900880A7C;
			productRefGroup = EEC3FEDD1A38C17900880A7C /* Products */;
			projectDirPath = "";
			projectRoot = "";
			targets = (
				EEC3FEDB1A38C17900880A7C /* ExchangeAGram */,
				EEC3FEF31A38C17A00880A7C /* ExchangeAGramTests */,
			);
		};
/* End PBXProject section */

/* Begin PBXResourcesBuildPhase section */
		EEC3FEDA1A38C17900880A7C /* Resources */ = {
			isa = PBXResourcesBuildPhase;
			buildActionMask = 2147483647;
			files = (
				EEC3FEEA1A38C17900880A7C /* Main.storyboard in Resources */,
				EEC3FEEF1A38C17900880A7C /* LaunchScreen.xib in Resources */,
				EEC3FEEC1A38C17900880A7C /* Images.xcassets in Resources */,
			);
			runOnlyForDeploymentPostprocessing = 0;
		};
		EEC3FEF21A38C17A00880A7C /* Resources */ = {
			isa = PBXResourcesBuildPhase;
			buildActionMask = 2147483647;
			files = (
			);
			runOnlyForDeploymentPostprocessing = 0;
		};
/* End PBXResourcesBuildPhase section */

/* Begin PBXSourcesBuildPhase section */
		EEC3FED81A38C17900880A7C /* Sources */ = {
			isa = PBXSourcesBuildPhase;
			buildActionMask = 2147483647;
			files = (
				EEF4189E1A38F30E00430F52 /* FilterCell.swift in Sources */,
				EEF4189C1A38EBC900430F52 /* FilterViewController.swift in Sources */,
				EEC3FEE21A38C17900880A7C /* AppDelegate.swift in Sources */,
				EEF418961A38D72F00430F52 /* FeedCell.swift in Sources */,
				8BBE3E6C1A3B3C5100160107 /* MapViewController.swift in Sources */,
				8BBE3E721A3B4EB100160107 /* FeedItem.swift in Sources */,
				EEF418941A38D55300430F52 /* FeedViewController.swift in Sources */,
				EE4ADDF61A3A41AA00D2A850 /* ProfileViewController.swift in Sources */,
				EEC3FEE51A38C17900880A7C /* ExchangeAGram.xcdatamodeld in Sources */,
			);
			runOnlyForDeploymentPostprocessing = 0;
		};
		EEC3FEF01A38C17A00880A7C /* Sources */ = {
			isa = PBXSourcesBuildPhase;
			buildActionMask = 2147483647;
			files = (
				EEC3FEFB1A38C17A00880A7C /* ExchangeAGramTests.swift in Sources */,
			);
			runOnlyForDeploymentPostprocessing = 0;
		};
/* End PBXSourcesBuildPhase section */

/* Begin PBXTargetDependency section */
		EEC3FEF61A38C17A00880A7C /* PBXTargetDependency */ = {
			isa = PBXTargetDependency;
			target = EEC3FEDB1A38C17900880A7C /* ExchangeAGram */;
			targetProxy = EEC3FEF51A38C17A00880A7C /* PBXContainerItemProxy */;
		};
/* End PBXTargetDependency section */

/* Begin PBXVariantGroup section */
		EEC3FEE81A38C17900880A7C /* Main.storyboard */ = {
			isa = PBXVariantGroup;
			children = (
				EEC3FEE91A38C17900880A7C /* Base */,
			);
			name = Main.storyboard;
			sourceTree = "<group>";
		};
		EEC3FEED1A38C17900880A7C /* LaunchScreen.xib */ = {
			isa = PBXVariantGroup;
			children = (
				EEC3FEEE1A38C17900880A7C /* Base */,
			);
			name = LaunchScreen.xib;
			sourceTree = "<group>";
		};
/* End PBXVariantGroup section */

/* Begin XCBuildConfiguration section */
		EEC3FEFC1A38C17A00880A7C /* Debug */ = {
			isa = XCBuildConfiguration;
			buildSettings = {
				ALWAYS_SEARCH_USER_PATHS = NO;
				CLANG_CXX_LANGUAGE_STANDARD = "gnu++0x";
				CLANG_CXX_LIBRARY = "libc++";
				CLANG_ENABLE_MODULES = YES;
				CLANG_ENABLE_OBJC_ARC = YES;
				CLANG_WARN_BOOL_CONVERSION = YES;
				CLANG_WARN_CONSTANT_CONVERSION = YES;
				CLANG_WARN_DIRECT_OBJC_ISA_USAGE = YES_ERROR;
				CLANG_WARN_EMPTY_BODY = YES;
				CLANG_WARN_ENUM_CONVERSION = YES;
				CLANG_WARN_INT_CONVERSION = YES;
				CLANG_WARN_OBJC_ROOT_CLASS = YES_ERROR;
				CLANG_WARN_UNREACHABLE_CODE = YES;
				CLANG_WARN__DUPLICATE_METHOD_MATCH = YES;
				"CODE_SIGN_IDENTITY[sdk=iphoneos*]" = "iPhone Developer";
				COPY_PHASE_STRIP = NO;
				ENABLE_STRICT_OBJC_MSGSEND = YES;
				GCC_C_LANGUAGE_STANDARD = gnu99;
				GCC_DYNAMIC_NO_PIC = NO;
				GCC_OPTIMIZATION_LEVEL = 0;
				GCC_PREPROCESSOR_DEFINITIONS = (
					"DEBUG=1",
					"$(inherited)",
				);
				GCC_SYMBOLS_PRIVATE_EXTERN = NO;
				GCC_WARN_64_TO_32_BIT_CONVERSION = YES;
				GCC_WARN_ABOUT_RETURN_TYPE = YES_ERROR;
				GCC_WARN_UNDECLARED_SELECTOR = YES;
				GCC_WARN_UNINITIALIZED_AUTOS = YES_AGGRESSIVE;
				GCC_WARN_UNUSED_FUNCTION = YES;
				GCC_WARN_UNUSED_VARIABLE = YES;
				IPHONEOS_DEPLOYMENT_TARGET = 8.1;
				MTL_ENABLE_DEBUG_INFO = YES;
				ONLY_ACTIVE_ARCH = YES;
				SDKROOT = iphoneos;
				SWIFT_OPTIMIZATION_LEVEL = "-Onone";
				TARGETED_DEVICE_FAMILY = "1,2";
			};
			name = Debug;
		};
		EEC3FEFD1A38C17A00880A7C /* Release */ = {
			isa = XCBuildConfiguration;
			buildSettings = {
				ALWAYS_SEARCH_USER_PATHS = NO;
				CLANG_CXX_LANGUAGE_STANDARD = "gnu++0x";
				CLANG_CXX_LIBRARY = "libc++";
				CLANG_ENABLE_MODULES = YES;
				CLANG_ENABLE_OBJC_ARC = YES;
				CLANG_WARN_BOOL_CONVERSION = YES;
				CLANG_WARN_CONSTANT_CONVERSION = YES;
				CLANG_WARN_DIRECT_OBJC_ISA_USAGE = YES_ERROR;
				CLANG_WARN_EMPTY_BODY = YES;
				CLANG_WARN_ENUM_CONVERSION = YES;
				CLANG_WARN_INT_CONVERSION = YES;
				CLANG_WARN_OBJC_ROOT_CLASS = YES_ERROR;
				CLANG_WARN_UNREACHABLE_CODE = YES;
				CLANG_WARN__DUPLICATE_METHOD_MATCH = YES;
				"CODE_SIGN_IDENTITY[sdk=iphoneos*]" = "iPhone Developer";
				COPY_PHASE_STRIP = YES;
				ENABLE_NS_ASSERTIONS = NO;
				ENABLE_STRICT_OBJC_MSGSEND = YES;
				GCC_C_LANGUAGE_STANDARD = gnu99;
				GCC_WARN_64_TO_32_BIT_CONVERSION = YES;
				GCC_WARN_ABOUT_RETURN_TYPE = YES_ERROR;
				GCC_WARN_UNDECLARED_SELECTOR = YES;
				GCC_WARN_UNINITIALIZED_AUTOS = YES_AGGRESSIVE;
				GCC_WARN_UNUSED_FUNCTION = YES;
				GCC_WARN_UNUSED_VARIABLE = YES;
				IPHONEOS_DEPLOYMENT_TARGET = 8.1;
				MTL_ENABLE_DEBUG_INFO = NO;
				SDKROOT = iphoneos;
				TARGETED_DEVICE_FAMILY = "1,2";
				VALIDATE_PRODUCT = YES;
			};
			name = Release;
		};
		EEC3FEFF1A38C17A00880A7C /* Debug */ = {
			isa = XCBuildConfiguration;
			buildSettings = {
				ASSETCATALOG_COMPILER_APPICON_NAME = AppIcon;
				FRAMEWORK_SEARCH_PATHS = (
					"$(inherited)",
					/Users/ChrisMac/Documents/FacebookSDK,
				);
				INFOPLIST_FILE = ExchangeAGram/Info.plist;
				LD_RUNPATH_SEARCH_PATHS = "$(inherited) @executable_path/Frameworks";
				PRODUCT_NAME = "$(TARGET_NAME)";
				SWIFT_OBJC_BRIDGING_HEADER = "ExchangeAGram/Bridging-Header.h";
			};
			name = Debug;
		};
		EEC3FF001A38C17A00880A7C /* Release */ = {
			isa = XCBuildConfiguration;
			buildSettings = {
				ASSETCATALOG_COMPILER_APPICON_NAME = AppIcon;
				FRAMEWORK_SEARCH_PATHS = (
					"$(inherited)",
					/Users/ChrisMac/Documents/FacebookSDK,
				);
				INFOPLIST_FILE = ExchangeAGram/Info.plist;
				LD_RUNPATH_SEARCH_PATHS = "$(inherited) @executable_path/Frameworks";
				PRODUCT_NAME = "$(TARGET_NAME)";
				SWIFT_OBJC_BRIDGING_HEADER = "ExchangeAGram/Bridging-Header.h";
			};
			name = Release;
		};
		EEC3FF021A38C17A00880A7C /* Debug */ = {
			isa = XCBuildConfiguration;
			buildSettings = {
				BUNDLE_LOADER = "$(TEST_HOST)";
				FRAMEWORK_SEARCH_PATHS = (
					"$(SDKROOT)/Developer/Library/Frameworks",
					"$(inherited)",
				);
				GCC_PREPROCESSOR_DEFINITIONS = (
					"DEBUG=1",
					"$(inherited)",
				);
				INFOPLIST_FILE = ExchangeAGramTests/Info.plist;
				LD_RUNPATH_SEARCH_PATHS = "$(inherited) @executable_path/Frameworks @loader_path/Frameworks";
				PRODUCT_NAME = "$(TARGET_NAME)";
				TEST_HOST = "$(BUILT_PRODUCTS_DIR)/ExchangeAGram.app/ExchangeAGram";
			};
			name = Debug;
		};
		EEC3FF031A38C17A00880A7C /* Release */ = {
			isa = XCBuildConfiguration;
			buildSettings = {
				BUNDLE_LOADER = "$(TEST_HOST)";
				FRAMEWORK_SEARCH_PATHS = (
					"$(SDKROOT)/Developer/Library/Frameworks",
					"$(inherited)",
				);
				INFOPLIST_FILE = ExchangeAGramTests/Info.plist;
				LD_RUNPATH_SEARCH_PATHS = "$(inherited) @executable_path/Frameworks @loader_path/Frameworks";
				PRODUCT_NAME = "$(TARGET_NAME)";
				TEST_HOST = "$(BUILT_PRODUCTS_DIR)/ExchangeAGram.app/ExchangeAGram";
			};
			name = Release;
		};
/* End XCBuildConfiguration section */

/* Begin XCConfigurationList section */
		EEC3FED71A38C17900880A7C /* Build configuration list for PBXProject "ExchangeAGram" */ = {
			isa = XCConfigurationList;
			buildConfigurations = (
				EEC3FEFC1A38C17A00880A7C /* Debug */,
				EEC3FEFD1A38C17A00880A7C /* Release */,
			);
			defaultConfigurationIsVisible = 0;
			defaultConfigurationName = Release;
		};
		EEC3FEFE1A38C17A00880A7C /* Build configuration list for PBXNativeTarget "ExchangeAGram" */ = {
			isa = XCConfigurationList;
			buildConfigurations = (
				EEC3FEFF1A38C17A00880A7C /* Debug */,
				EEC3FF001A38C17A00880A7C /* Release */,
			);
			defaultConfigurationIsVisible = 0;
			defaultConfigurationName = Release;
		};
		EEC3FF011A38C17A00880A7C /* Build configuration list for PBXNativeTarget "ExchangeAGramTests" */ = {
			isa = XCConfigurationList;
			buildConfigurations = (
				EEC3FF021A38C17A00880A7C /* Debug */,
				EEC3FF031A38C17A00880A7C /* Release */,
			);
			defaultConfigurationIsVisible = 0;
			defaultConfigurationName = Release;
		};
/* End XCConfigurationList section */

/* Begin XCVersionGroup section */
		EEC3FEE31A38C17900880A7C /* ExchangeAGram.xcdatamodeld */ = {
			isa = XCVersionGroup;
			children = (
				EEC3FEE41A38C17900880A7C /* ExchangeAGram.xcdatamodel */,
			);
			currentVersion = EEC3FEE41A38C17900880A7C /* ExchangeAGram.xcdatamodel */;
			path = ExchangeAGram.xcdatamodeld;
			sourceTree = "<group>";
			versionGroupType = wrapper.xcdatamodel;
		};
/* End XCVersionGroup section */
	};
	rootObject = EEC3FED41A38C17900880A7C /* Project object */;
}
